{
  "name": "cpu",
  "version": "1.0.0",
  "lockfileVersion": 1,
  "requires": true,
  "dependencies": {
    "eslint-plugin-slimio": {
      "version": "1.0.0",
      "resolved": "https://registry.npmjs.org/eslint-plugin-slimio/-/eslint-plugin-slimio-1.0.0.tgz",
      "integrity": "sha512-Rz+iGeijpXPv8pf3BgHRSZs3t/hh3fzzY62uMA9947RcxwtTlaf28eqv2K0axjtXeGQt2Hepo5Xkul3xxH97XQ==",
      "dev": true
    }
  }
}
